
Microsoft Visual Studio Solution File, Format Version 12.00
# Visual Studio 15
VisualStudioVersion = 15.0.28307.572
MinimumVisualStudioVersion = 10.0.40219.1
Project("{FAE04EC0-301F-11D3-BF4B-00C04F79EFBC}") = "IdGenerator", "IdGenerator\IdGenerator.csproj", "{26A517B2-634B-4DE8-B9F3-D30A286B2E27}"
EndProject
Global
	GlobalSection(SolutionConfigurationPlatforms) = preSolution
		Debug|Any CPU = Debug|Any CPU
		Release|Any CPU = Release|Any CPU
	EndGlobalSection
	GlobalSection(ProjectConfigurationPlatforms) = postSolution
		{26A517B2-634B-4DE8-B9F3-D30A286B2E27}.Debug|Any CPU.ActiveCfg = Debug|Any CPU
		{26A517B2-634B-4DE8-B9F3-D30A286B2E27}.Debug|Any CPU.Build.0 = Debug|Any CPU
		{26A517B2-634B-4DE8-B9F3-D30A286B2E27}.Release|Any CPU.ActiveCfg = Release|Any CPU
		{26A517B2-634B-4DE8-B9F3-D30A286B2E27}.Release|Any CPU.Build.0 = Release|Any CPU
	EndGlobalSection
	GlobalSection(SolutionProperties) = preSolution
		HideSolutionNode = FALSE
	EndGlobalSection
	GlobalSection(ExtensibilityGlobals) = postSolution
		SolutionGuid = {C0486353-C8E6-4E53-9C76-7C972C88828B}
	EndGlobalSection
EndGlobal
